
Microsoft Visual Studio Solution File, Format Version 12.00
# Visual Studio Version 17
VisualStudioVersion = 17.3.32929.385
MinimumVisualStudioVersion = 10.0.40219.1
Project("{FAE04EC0-301F-11D3-BF4B-00C04F79EFBC}") = "AlgorithmsBabblu", "AlgorithmsBabblu\AlgorithmsBabblu.csproj", "{497EBF7E-7146-4B69-9857-7CE163456667}"
EndProject
Global
	GlobalSection(SolutionConfigurationPlatforms) = preSolution
		Debug|Any CPU = Debug|Any CPU
		Release|Any CPU = Release|Any CPU
	EndGlobalSection
	GlobalSection(ProjectConfigurationPlatforms) = postSolution
		{497EBF7E-7146-4B69-9857-7CE163456667}.Debug|Any CPU.ActiveCfg = Debug|Any CPU
		{497EBF7E-7146-4B69-9857-7CE163456667}.Debug|Any CPU.Build.0 = Debug|Any CPU
		{497EBF7E-7146-4B69-9857-7CE163456667}.Release|Any CPU.ActiveCfg = Release|Any CPU
		{497EBF7E-7146-4B69-9857-7CE163456667}.Release|Any CPU.Build.0 = Release|Any CPU
	EndGlobalSection
	GlobalSection(SolutionProperties) = preSolution
		HideSolutionNode = FALSE
	EndGlobalSection
	GlobalSection(ExtensibilityGlobals) = postSolution
		SolutionGuid = {D8843C58-9C2F-4D80-8A16-25EB1A052F7F}
	EndGlobalSection
EndGlobal
