
Microsoft Visual Studio Solution File, Format Version 12.00
# Visual Studio Version 17
VisualStudioVersion = 17.3.32929.385
MinimumVisualStudioVersion = 10.0.40219.1
Project("{FAE04EC0-301F-11D3-BF4B-00C04F79EFBC}") = "Alogorithm", "Alogorithm\Alogorithm.csproj", "{417DFB84-308F-4AE7-A5C9-C2070FF80472}"
EndProject
Global
	GlobalSection(SolutionConfigurationPlatforms) = preSolution
		Debug|Any CPU = Debug|Any CPU
		Release|Any CPU = Release|Any CPU
	EndGlobalSection
	GlobalSection(ProjectConfigurationPlatforms) = postSolution
		{417DFB84-308F-4AE7-A5C9-C2070FF80472}.Debug|Any CPU.ActiveCfg = Debug|Any CPU
		{417DFB84-308F-4AE7-A5C9-C2070FF80472}.Debug|Any CPU.Build.0 = Debug|Any CPU
		{417DFB84-308F-4AE7-A5C9-C2070FF80472}.Release|Any CPU.ActiveCfg = Release|Any CPU
		{417DFB84-308F-4AE7-A5C9-C2070FF80472}.Release|Any CPU.Build.0 = Release|Any CPU
	EndGlobalSection
	GlobalSection(SolutionProperties) = preSolution
		HideSolutionNode = FALSE
	EndGlobalSection
	GlobalSection(ExtensibilityGlobals) = postSolution
		SolutionGuid = {8401F12A-5CA5-4437-B244-D2D6ACEF08D6}
	EndGlobalSection
EndGlobal
